// !$*UTF8*$!
{
	archiveVersion = 1;
	classes = {
	};
	objectVersion = 56;
	objects = {

/* Begin PBXBuildFile section */
		408F348B28DA8C4F00DD7FB3 /* PropertyDetailViewer.swift in Sources */ = {isa = PBXBuildFile; fileRef = 408F348A28DA8C4F00DD7FB3 /* PropertyDetailViewer.swift */; };
		408F348D28DA8C9100DD7FB3 /* Dimensions.swift in Sources */ = {isa = PBXBuildFile; fileRef = 408F348C28DA8C9100DD7FB3 /* Dimensions.swift */; };
		408F348F28DA8E1400DD7FB3 /* PropertyDetailViewer-ViewModel.swift in Sources */ = {isa = PBXBuildFile; fileRef = 408F348E28DA8E1400DD7FB3 /* PropertyDetailViewer-ViewModel.swift */; };
		408F349128DAA98D00DD7FB3 /* PropertyBrowser.swift in Sources */ = {isa = PBXBuildFile; fileRef = 408F349028DAA98D00DD7FB3 /* PropertyBrowser.swift */; };
		408F349328DAB34700DD7FB3 /* PropertyBrowser-ViewModel.swift in Sources */ = {isa = PBXBuildFile; fileRef = 408F349228DAB34700DD7FB3 /* PropertyBrowser-ViewModel.swift */; };
		408F349528DAB5B500DD7FB3 /* PropertyDetailPlaceholder.swift in Sources */ = {isa = PBXBuildFile; fileRef = 408F349428DAB5B500DD7FB3 /* PropertyDetailPlaceholder.swift */; };
		408F349828DABA8A00DD7FB3 /* Formatters.swift in Sources */ = {isa = PBXBuildFile; fileRef = 408F349728DABA8A00DD7FB3 /* Formatters.swift */; };
		408F349B28DABBDE00DD7FB3 /* MonetaryAmountFormattingTests.swift in Sources */ = {isa = PBXBuildFile; fileRef = 408F349A28DABBDE00DD7FB3 /* MonetaryAmountFormattingTests.swift */; };
		40DB441928D8ED950002B3DD /* AppDelegate.swift in Sources */ = {isa = PBXBuildFile; fileRef = 40DB441828D8ED950002B3DD /* AppDelegate.swift */; };
		40DB442228D8ED950002B3DD /* Assets.xcassets in Resources */ = {isa = PBXBuildFile; fileRef = 40DB442128D8ED950002B3DD /* Assets.xcassets */; };
		40DB442528D8ED950002B3DD /* LaunchScreen.storyboard in Resources */ = {isa = PBXBuildFile; fileRef = 40DB442328D8ED950002B3DD /* LaunchScreen.storyboard */; };
		40DB443028D8ED950002B3DD /* PropertyListSerializationTests.swift in Sources */ = {isa = PBXBuildFile; fileRef = 40DB442F28D8ED950002B3DD /* PropertyListSerializationTests.swift */; };
		40DB443A28D8ED950002B3DD /* PropertyBrowserUITests.swift in Sources */ = {isa = PBXBuildFile; fileRef = 40DB443928D8ED950002B3DD /* PropertyBrowserUITests.swift */; };
		40DB443C28D8ED950002B3DD /* PropertyBrowserUITestsLaunchTests.swift in Sources */ = {isa = PBXBuildFile; fileRef = 40DB443B28D8ED950002B3DD /* PropertyBrowserUITestsLaunchTests.swift */; };
		40DB444F28D90FE10002B3DD /* PropertyService.swift in Sources */ = {isa = PBXBuildFile; fileRef = 40DB444E28D90FE10002B3DD /* PropertyService.swift */; };
		40DB445128D9106C0002B3DD /* MockPropertyService.swift in Sources */ = {isa = PBXBuildFile; fileRef = 40DB445028D9106C0002B3DD /* MockPropertyService.swift */; };
		40DB445328D912680002B3DD /* NetworkPropertyService.swift in Sources */ = {isa = PBXBuildFile; fileRef = 40DB445228D912680002B3DD /* NetworkPropertyService.swift */; };
		40DB445528D9181A0002B3DD /* PropertyList.swift in Sources */ = {isa = PBXBuildFile; fileRef = 40DB445428D9181A0002B3DD /* PropertyList.swift */; };
		40DB445728D918650002B3DD /* MonetaryAmount.swift in Sources */ = {isa = PBXBuildFile; fileRef = 40DB445628D918650002B3DD /* MonetaryAmount.swift */; };
		40DB445928D918A00002B3DD /* PropertyDetails.swift in Sources */ = {isa = PBXBuildFile; fileRef = 40DB445828D918A00002B3DD /* PropertyDetails.swift */; };
		40DB445B28D922D20002B3DD /* PropertyDetailsSerializationTests.swift in Sources */ = {isa = PBXBuildFile; fileRef = 40DB445A28D922D20002B3DD /* PropertyDetailsSerializationTests.swift */; };
		40DB445D28D92D2F0002B3DD /* PropertyListViewer.swift in Sources */ = {isa = PBXBuildFile; fileRef = 40DB445C28D92D2F0002B3DD /* PropertyListViewer.swift */; };
		40DB445F28D92EF20002B3DD /* PropertyListViewer-ViewModel.swift in Sources */ = {isa = PBXBuildFile; fileRef = 40DB445E28D92EF20002B3DD /* PropertyListViewer-ViewModel.swift */; };
		40DB446228D931ED0002B3DD /* State.swift in Sources */ = {isa = PBXBuildFile; fileRef = 40DB446128D931ED0002B3DD /* State.swift */; };
		40DB446528DA5ADD0002B3DD /* ColorPalette.swift in Sources */ = {isa = PBXBuildFile; fileRef = 40DB446428DA5ADD0002B3DD /* ColorPalette.swift */; };
		40DB446728DA5B0A0002B3DD /* TextStyle.swift in Sources */ = {isa = PBXBuildFile; fileRef = 40DB446628DA5B0A0002B3DD /* TextStyle.swift */; };
		40DB447128DA67FF0002B3DD /* AsyncImage.swift in Sources */ = {isa = PBXBuildFile; fileRef = 40DB447028DA67FF0002B3DD /* AsyncImage.swift */; };
/* End PBXBuildFile section */

/* Begin PBXContainerItemProxy section */
		40DB442C28D8ED950002B3DD /* PBXContainerItemProxy */ = {
			isa = PBXContainerItemProxy;
			containerPortal = 40DB440D28D8ED950002B3DD /* Project object */;
			proxyType = 1;
			remoteGlobalIDString = 40DB441428D8ED950002B3DD;
			remoteInfo = PropertyBrowser;
		};
		40DB443628D8ED950002B3DD /* PBXContainerItemProxy */ = {
			isa = PBXContainerItemProxy;
			containerPortal = 40DB440D28D8ED950002B3DD /* Project object */;
			proxyType = 1;
			remoteGlobalIDString = 40DB441428D8ED950002B3DD;
			remoteInfo = PropertyBrowser;
		};
/* End PBXContainerItemProxy section */

/* Begin PBXFileReference section */
		408F348A28DA8C4F00DD7FB3 /* PropertyDetailViewer.swift */ = {isa = PBXFileReference; lastKnownFileType = sourcecode.swift; path = PropertyDetailViewer.swift; sourceTree = "<group>"; };
		408F348C28DA8C9100DD7FB3 /* Dimensions.swift */ = {isa = PBXFileReference; lastKnownFileType = sourcecode.swift; path = Dimensions.swift; sourceTree = "<group>"; };
		408F348E28DA8E1400DD7FB3 /* PropertyDetailViewer-ViewModel.swift */ = {isa = PBXFileReference; lastKnownFileType = sourcecode.swift; path = "PropertyDetailViewer-ViewModel.swift"; sourceTree = "<group>"; };
		408F349028DAA98D00DD7FB3 /* PropertyBrowser.swift */ = {isa = PBXFileReference; lastKnownFileType = sourcecode.swift; path = PropertyBrowser.swift; sourceTree = "<group>"; };
		408F349228DAB34700DD7FB3 /* PropertyBrowser-ViewModel.swift */ = {isa = PBXFileReference; lastKnownFileType = sourcecode.swift; path = "PropertyBrowser-ViewModel.swift"; sourceTree = "<group>"; };
		408F349428DAB5B500DD7FB3 /* PropertyDetailPlaceholder.swift */ = {isa = PBXFileReference; lastKnownFileType = sourcecode.swift; path = PropertyDetailPlaceholder.swift; sourceTree = "<group>"; };
		408F349728DABA8A00DD7FB3 /* Formatters.swift */ = {isa = PBXFileReference; lastKnownFileType = sourcecode.swift; path = Formatters.swift; sourceTree = "<group>"; };
		408F349A28DABBDE00DD7FB3 /* MonetaryAmountFormattingTests.swift */ = {isa = PBXFileReference; lastKnownFileType = sourcecode.swift; path = MonetaryAmountFormattingTests.swift; sourceTree = "<group>"; };
		40DB441528D8ED950002B3DD /* PropertyBrowser.app */ = {isa = PBXFileReference; explicitFileType = wrapper.application; includeInIndex = 0; path = PropertyBrowser.app; sourceTree = BUILT_PRODUCTS_DIR; };
		40DB441828D8ED950002B3DD /* AppDelegate.swift */ = {isa = PBXFileReference; lastKnownFileType = sourcecode.swift; path = AppDelegate.swift; sourceTree = "<group>"; };
		40DB442128D8ED950002B3DD /* Assets.xcassets */ = {isa = PBXFileReference; lastKnownFileType = folder.assetcatalog; path = Assets.xcassets; sourceTree = "<group>"; };
		40DB442428D8ED950002B3DD /* Base */ = {isa = PBXFileReference; lastKnownFileType = file.storyboard; name = Base; path = Base.lproj/LaunchScreen.storyboard; sourceTree = "<group>"; };
		40DB442628D8ED950002B3DD /* Info.plist */ = {isa = PBXFileReference; lastKnownFileType = text.plist.xml; path = Info.plist; sourceTree = "<group>"; };
		40DB442B28D8ED950002B3DD /* PropertyBrowserTests.xctest */ = {isa = PBXFileReference; explicitFileType = wrapper.cfbundle; includeInIndex = 0; path = PropertyBrowserTests.xctest; sourceTree = BUILT_PRODUCTS_DIR; };
		40DB442F28D8ED950002B3DD /* PropertyListSerializationTests.swift */ = {isa = PBXFileReference; lastKnownFileType = sourcecode.swift; path = PropertyListSerializationTests.swift; sourceTree = "<group>"; };
		40DB443528D8ED950002B3DD /* PropertyBrowserUITests.xctest */ = {isa = PBXFileReference; explicitFileType = wrapper.cfbundle; includeInIndex = 0; path = PropertyBrowserUITests.xctest; sourceTree = BUILT_PRODUCTS_DIR; };
		40DB443928D8ED950002B3DD /* PropertyBrowserUITests.swift */ = {isa = PBXFileReference; lastKnownFileType = sourcecode.swift; path = PropertyBrowserUITests.swift; sourceTree = "<group>"; };
		40DB443B28D8ED950002B3DD /* PropertyBrowserUITestsLaunchTests.swift */ = {isa = PBXFileReference; lastKnownFileType = sourcecode.swift; path = PropertyBrowserUITestsLaunchTests.swift; sourceTree = "<group>"; };
		40DB444E28D90FE10002B3DD /* PropertyService.swift */ = {isa = PBXFileReference; lastKnownFileType = sourcecode.swift; path = PropertyService.swift; sourceTree = "<group>"; };
		40DB445028D9106C0002B3DD /* MockPropertyService.swift */ = {isa = PBXFileReference; lastKnownFileType = sourcecode.swift; path = MockPropertyService.swift; sourceTree = "<group>"; };
		40DB445228D912680002B3DD /* NetworkPropertyService.swift */ = {isa = PBXFileReference; lastKnownFileType = sourcecode.swift; path = NetworkPropertyService.swift; sourceTree = "<group>"; };
		40DB445428D9181A0002B3DD /* PropertyList.swift */ = {isa = PBXFileReference; lastKnownFileType = sourcecode.swift; path = PropertyList.swift; sourceTree = "<group>"; };
		40DB445628D918650002B3DD /* MonetaryAmount.swift */ = {isa = PBXFileReference; lastKnownFileType = sourcecode.swift; path = MonetaryAmount.swift; sourceTree = "<group>"; };
		40DB445828D918A00002B3DD /* PropertyDetails.swift */ = {isa = PBXFileReference; lastKnownFileType = sourcecode.swift; path = PropertyDetails.swift; sourceTree = "<group>"; };
		40DB445A28D922D20002B3DD /* PropertyDetailsSerializationTests.swift */ = {isa = PBXFileReference; lastKnownFileType = sourcecode.swift; path = PropertyDetailsSerializationTests.swift; sourceTree = "<group>"; };
		40DB445C28D92D2F0002B3DD /* PropertyListViewer.swift */ = {isa = PBXFileReference; lastKnownFileType = sourcecode.swift; path = PropertyListViewer.swift; sourceTree = "<group>"; };
		40DB445E28D92EF20002B3DD /* PropertyListViewer-ViewModel.swift */ = {isa = PBXFileReference; lastKnownFileType = sourcecode.swift; path = "PropertyListViewer-ViewModel.swift"; sourceTree = "<group>"; };
		40DB446128D931ED0002B3DD /* State.swift */ = {isa = PBXFileReference; lastKnownFileType = sourcecode.swift; path = State.swift; sourceTree = "<group>"; };
		40DB446428DA5ADD0002B3DD /* ColorPalette.swift */ = {isa = PBXFileReference; lastKnownFileType = sourcecode.swift; path = ColorPalette.swift; sourceTree = "<group>"; };
		40DB446628DA5B0A0002B3DD /* TextStyle.swift */ = {isa = PBXFileReference; lastKnownFileType = sourcecode.swift; path = TextStyle.swift; sourceTree = "<group>"; };
		40DB447028DA67FF0002B3DD /* AsyncImage.swift */ = {isa = PBXFileReference; lastKnownFileType = sourcecode.swift; path = AsyncImage.swift; sourceTree = "<group>"; };
/* End PBXFileReference section */

/* Begin PBXFrameworksBuildPhase section */
		40DB441228D8ED950002B3DD /* Frameworks */ = {
			isa = PBXFrameworksBuildPhase;
			buildActionMask = 2147483647;
			files = (
			);
			runOnlyForDeploymentPostprocessing = 0;
		};
		40DB442828D8ED950002B3DD /* Frameworks */ = {
			isa = PBXFrameworksBuildPhase;
			buildActionMask = 2147483647;
			files = (
			);
			runOnlyForDeploymentPostprocessing = 0;
		};
		40DB443228D8ED950002B3DD /* Frameworks */ = {
			isa = PBXFrameworksBuildPhase;
			buildActionMask = 2147483647;
			files = (
			);
			runOnlyForDeploymentPostprocessing = 0;
		};
/* End PBXFrameworksBuildPhase section */

/* Begin PBXGroup section */
		408F349928DABB9B00DD7FB3 /* Models */ = {
			isa = PBXGroup;
			children = (
				40DB442F28D8ED950002B3DD /* PropertyListSerializationTests.swift */,
				40DB445A28D922D20002B3DD /* PropertyDetailsSerializationTests.swift */,
			);
			path = Models;
			sourceTree = "<group>";
		};
		40DB440C28D8ED950002B3DD = {
			isa = PBXGroup;
			children = (
				40DB441728D8ED950002B3DD /* PropertyBrowser */,
				40DB442E28D8ED950002B3DD /* PropertyBrowserTests */,
				40DB443828D8ED950002B3DD /* PropertyBrowserUITests */,
				40DB441628D8ED950002B3DD /* Products */,
			);
			sourceTree = "<group>";
		};
		40DB441628D8ED950002B3DD /* Products */ = {
			isa = PBXGroup;
			children = (
				40DB441528D8ED950002B3DD /* PropertyBrowser.app */,
				40DB442B28D8ED950002B3DD /* PropertyBrowserTests.xctest */,
				40DB443528D8ED950002B3DD /* PropertyBrowserUITests.xctest */,
			);
			name = Products;
			sourceTree = "<group>";
		};
		40DB441728D8ED950002B3DD /* PropertyBrowser */ = {
			isa = PBXGroup;
			children = (
				40DB441828D8ED950002B3DD /* AppDelegate.swift */,
				40DB444A28D8F17E0002B3DD /* Models */,
				40DB444828D8F15E0002B3DD /* Views */,
				40DB444928D8F16C0002B3DD /* ViewModels */,
				40DB444D28D90F920002B3DD /* Services */,
				40DB446028D931DA0002B3DD /* Helpers */,
				40DB442128D8ED950002B3DD /* Assets.xcassets */,
				40DB442328D8ED950002B3DD /* LaunchScreen.storyboard */,
				40DB442628D8ED950002B3DD /* Info.plist */,
			);
			path = PropertyBrowser;
			sourceTree = "<group>";
		};
		40DB442E28D8ED950002B3DD /* PropertyBrowserTests */ = {
			isa = PBXGroup;
			children = (
				408F349928DABB9B00DD7FB3 /* Models */,
				408F349A28DABBDE00DD7FB3 /* MonetaryAmountFormattingTests.swift */,
			);
			path = PropertyBrowserTests;
			sourceTree = "<group>";
		};
		40DB443828D8ED950002B3DD /* PropertyBrowserUITests */ = {
			isa = PBXGroup;
			children = (
				40DB443928D8ED950002B3DD /* PropertyBrowserUITests.swift */,
				40DB443B28D8ED950002B3DD /* PropertyBrowserUITestsLaunchTests.swift */,
			);
			path = PropertyBrowserUITests;
			sourceTree = "<group>";
		};
		40DB444828D8F15E0002B3DD /* Views */ = {
			isa = PBXGroup;
			children = (
				408F349028DAA98D00DD7FB3 /* PropertyBrowser.swift */,
				40DB445C28D92D2F0002B3DD /* PropertyListViewer.swift */,
				408F348A28DA8C4F00DD7FB3 /* PropertyDetailViewer.swift */,
				408F349428DAB5B500DD7FB3 /* PropertyDetailPlaceholder.swift */,
				40DB446328DA5A880002B3DD /* Styling */,
			);
			path = Views;
			sourceTree = "<group>";
		};
		40DB444928D8F16C0002B3DD /* ViewModels */ = {
			isa = PBXGroup;
			children = (
				408F349228DAB34700DD7FB3 /* PropertyBrowser-ViewModel.swift */,
				40DB445E28D92EF20002B3DD /* PropertyListViewer-ViewModel.swift */,
				408F348E28DA8E1400DD7FB3 /* PropertyDetailViewer-ViewModel.swift */,
			);
			path = ViewModels;
			sourceTree = "<group>";
		};
		40DB444A28D8F17E0002B3DD /* Models */ = {
			isa = PBXGroup;
			children = (
				40DB445428D9181A0002B3DD /* PropertyList.swift */,
				40DB445828D918A00002B3DD /* PropertyDetails.swift */,
				40DB445628D918650002B3DD /* MonetaryAmount.swift */,
			);
			path = Models;
			sourceTree = "<group>";
		};
		40DB444D28D90F920002B3DD /* Services */ = {
			isa = PBXGroup;
			children = (
				40DB444E28D90FE10002B3DD /* PropertyService.swift */,
				40DB445228D912680002B3DD /* NetworkPropertyService.swift */,
				40DB445028D9106C0002B3DD /* MockPropertyService.swift */,
			);
			path = Services;
			sourceTree = "<group>";
		};
		40DB446028D931DA0002B3DD /* Helpers */ = {
			isa = PBXGroup;
			children = (
				40DB446128D931ED0002B3DD /* State.swift */,
				408F349728DABA8A00DD7FB3 /* Formatters.swift */,
				40DB447028DA67FF0002B3DD /* AsyncImage.swift */,
			);
			path = Helpers;
			sourceTree = "<group>";
		};
		40DB446328DA5A880002B3DD /* Styling */ = {
			isa = PBXGroup;
			children = (
				408F348C28DA8C9100DD7FB3 /* Dimensions.swift */,
				40DB446428DA5ADD0002B3DD /* ColorPalette.swift */,
				40DB446628DA5B0A0002B3DD /* TextStyle.swift */,
			);
			path = Styling;
			sourceTree = "<group>";
		};
/* End PBXGroup section */

/* Begin PBXNativeTarget section */
		40DB441428D8ED950002B3DD /* PropertyBrowser */ = {
			isa = PBXNativeTarget;
			buildConfigurationList = 40DB443F28D8ED950002B3DD /* Build configuration list for PBXNativeTarget "PropertyBrowser" */;
			buildPhases = (
				40DB441128D8ED950002B3DD /* Sources */,
				40DB441228D8ED950002B3DD /* Frameworks */,
				40DB441328D8ED950002B3DD /* Resources */,
			);
			buildRules = (
			);
			dependencies = (
			);
			name = PropertyBrowser;
			productName = PropertyBrowser;
			productReference = 40DB441528D8ED950002B3DD /* PropertyBrowser.app */;
			productType = "com.apple.product-type.application";
		};
		40DB442A28D8ED950002B3DD /* PropertyBrowserTests */ = {
			isa = PBXNativeTarget;
			buildConfigurationList = 40DB444228D8ED950002B3DD /* Build configuration list for PBXNativeTarget "PropertyBrowserTests" */;
			buildPhases = (
				40DB442728D8ED950002B3DD /* Sources */,
				40DB442828D8ED950002B3DD /* Frameworks */,
				40DB442928D8ED950002B3DD /* Resources */,
			);
			buildRules = (
			);
			dependencies = (
				40DB442D28D8ED950002B3DD /* PBXTargetDependency */,
			);
			name = PropertyBrowserTests;
			productName = PropertyBrowserTests;
			productReference = 40DB442B28D8ED950002B3DD /* PropertyBrowserTests.xctest */;
			productType = "com.apple.product-type.bundle.unit-test";
		};
		40DB443428D8ED950002B3DD /* PropertyBrowserUITests */ = {
			isa = PBXNativeTarget;
			buildConfigurationList = 40DB444528D8ED950002B3DD /* Build configuration list for PBXNativeTarget "PropertyBrowserUITests" */;
			buildPhases = (
				40DB443128D8ED950002B3DD /* Sources */,
				40DB443228D8ED950002B3DD /* Frameworks */,
				40DB443328D8ED950002B3DD /* Resources */,
			);
			buildRules = (
			);
			dependencies = (
				40DB443728D8ED950002B3DD /* PBXTargetDependency */,
			);
			name = PropertyBrowserUITests;
			productName = PropertyBrowserUITests;
			productReference = 40DB443528D8ED950002B3DD /* PropertyBrowserUITests.xctest */;
			productType = "com.apple.product-type.bundle.ui-testing";
		};
/* End PBXNativeTarget section */

/* Begin PBXProject section */
		40DB440D28D8ED950002B3DD /* Project object */ = {
			isa = PBXProject;
			attributes = {
				BuildIndependentTargetsInParallel = 1;
				LastSwiftUpdateCheck = 1400;
				LastUpgradeCheck = 1400;
				TargetAttributes = {
					40DB441428D8ED950002B3DD = {
						CreatedOnToolsVersion = 14.0;
					};
					40DB442A28D8ED950002B3DD = {
						CreatedOnToolsVersion = 14.0;
						TestTargetID = 40DB441428D8ED950002B3DD;
					};
					40DB443428D8ED950002B3DD = {
						CreatedOnToolsVersion = 14.0;
						TestTargetID = 40DB441428D8ED950002B3DD;
					};
				};
			};
			buildConfigurationList = 40DB441028D8ED950002B3DD /* Build configuration list for PBXProject "PropertyBrowser" */;
			compatibilityVersion = "Xcode 14.0";
			developmentRegion = en;
			hasScannedForEncodings = 0;
			knownRegions = (
				en,
				Base,
			);
			mainGroup = 40DB440C28D8ED950002B3DD;
			productRefGroup = 40DB441628D8ED950002B3DD /* Products */;
			projectDirPath = "";
			projectRoot = "";
			targets = (
				40DB441428D8ED950002B3DD /* PropertyBrowser */,
				40DB442A28D8ED950002B3DD /* PropertyBrowserTests */,
				40DB443428D8ED950002B3DD /* PropertyBrowserUITests */,
			);
		};
/* End PBXProject section */

/* Begin PBXResourcesBuildPhase section */
		40DB441328D8ED950002B3DD /* Resources */ = {
			isa = PBXResourcesBuildPhase;
			buildActionMask = 2147483647;
			files = (
				40DB442528D8ED950002B3DD /* LaunchScreen.storyboard in Resources */,
				40DB442228D8ED950002B3DD /* Assets.xcassets in Resources */,
			);
			runOnlyForDeploymentPostprocessing = 0;
		};
		40DB442928D8ED950002B3DD /* Resources */ = {
			isa = PBXResourcesBuildPhase;
			buildActionMask = 2147483647;
			files = (
			);
			runOnlyForDeploymentPostprocessing = 0;
		};
		40DB443328D8ED950002B3DD /* Resources */ = {
			isa = PBXResourcesBuildPhase;
			buildActionMask = 2147483647;
			files = (
			);
			runOnlyForDeploymentPostprocessing = 0;
		};
/* End PBXResourcesBuildPhase section */

/* Begin PBXSourcesBuildPhase section */
		40DB441128D8ED950002B3DD /* Sources */ = {
			isa = PBXSourcesBuildPhase;
			buildActionMask = 2147483647;
			files = (
				408F349528DAB5B500DD7FB3 /* PropertyDetailPlaceholder.swift in Sources */,
				408F349328DAB34700DD7FB3 /* PropertyBrowser-ViewModel.swift in Sources */,
				40DB446728DA5B0A0002B3DD /* TextStyle.swift in Sources */,
				40DB445328D912680002B3DD /* NetworkPropertyService.swift in Sources */,
				40DB445728D918650002B3DD /* MonetaryAmount.swift in Sources */,
				408F348B28DA8C4F00DD7FB3 /* PropertyDetailViewer.swift in Sources */,
				40DB446228D931ED0002B3DD /* State.swift in Sources */,
				40DB445128D9106C0002B3DD /* MockPropertyService.swift in Sources */,
				40DB445928D918A00002B3DD /* PropertyDetails.swift in Sources */,
				40DB447128DA67FF0002B3DD /* AsyncImage.swift in Sources */,
				408F349128DAA98D00DD7FB3 /* PropertyBrowser.swift in Sources */,
				40DB445528D9181A0002B3DD /* PropertyList.swift in Sources */,
				40DB444F28D90FE10002B3DD /* PropertyService.swift in Sources */,
				40DB445D28D92D2F0002B3DD /* PropertyListViewer.swift in Sources */,
				408F348D28DA8C9100DD7FB3 /* Dimensions.swift in Sources */,
				40DB445F28D92EF20002B3DD /* PropertyListViewer-ViewModel.swift in Sources */,
				40DB441928D8ED950002B3DD /* AppDelegate.swift in Sources */,
				40DB446528DA5ADD0002B3DD /* ColorPalette.swift in Sources */,
				408F349828DABA8A00DD7FB3 /* Formatters.swift in Sources */,
				408F348F28DA8E1400DD7FB3 /* PropertyDetailViewer-ViewModel.swift in Sources */,
			);
			runOnlyForDeploymentPostprocessing = 0;
		};
		40DB442728D8ED950002B3DD /* Sources */ = {
			isa = PBXSourcesBuildPhase;
			buildActionMask = 2147483647;
			files = (
				408F349B28DABBDE00DD7FB3 /* MonetaryAmountFormattingTests.swift in Sources */,
				40DB445B28D922D20002B3DD /* PropertyDetailsSerializationTests.swift in Sources */,
				40DB443028D8ED950002B3DD /* PropertyListSerializationTests.swift in Sources */,
			);
			runOnlyForDeploymentPostprocessing = 0;
		};
		40DB443128D8ED950002B3DD /* Sources */ = {
			isa = PBXSourcesBuildPhase;
			buildActionMask = 2147483647;
			files = (
				40DB443C28D8ED950002B3DD /* PropertyBrowserUITestsLaunchTests.swift in Sources */,
				40DB443A28D8ED950002B3DD /* PropertyBrowserUITests.swift in Sources */,
			);
			runOnlyForDeploymentPostprocessing = 0;
		};
/* End PBXSourcesBuildPhase section */

/* Begin PBXTargetDependency section */
		40DB442D28D8ED950002B3DD /* PBXTargetDependency */ = {
			isa = PBXTargetDependency;
			target = 40DB441428D8ED950002B3DD /* PropertyBrowser */;
			targetProxy = 40DB442C28D8ED950002B3DD /* PBXContainerItemProxy */;
		};
		40DB443728D8ED950002B3DD /* PBXTargetDependency */ = {
			isa = PBXTargetDependency;
			target = 40DB441428D8ED950002B3DD /* PropertyBrowser */;
			targetProxy = 40DB443628D8ED950002B3DD /* PBXContainerItemProxy */;
		};
/* End PBXTargetDependency section */

/* Begin PBXVariantGroup section */
		40DB442328D8ED950002B3DD /* LaunchScreen.storyboard */ = {
			isa = PBXVariantGroup;
			children = (
				40DB442428D8ED950002B3DD /* Base */,
			);
			name = LaunchScreen.storyboard;
			sourceTree = "<group>";
		};
/* End PBXVariantGroup section */

/* Begin XCBuildConfiguration section */
		40DB443D28D8ED950002B3DD /* Debug */ = {
			isa = XCBuildConfiguration;
			buildSettings = {
				ALWAYS_SEARCH_USER_PATHS = NO;
				CLANG_ANALYZER_NONNULL = YES;
				CLANG_ANALYZER_NUMBER_OBJECT_CONVERSION = YES_AGGRESSIVE;
				CLANG_CXX_LANGUAGE_STANDARD = "gnu++20";
				CLANG_ENABLE_MODULES = YES;
				CLANG_ENABLE_OBJC_ARC = YES;
				CLANG_ENABLE_OBJC_WEAK = YES;
				CLANG_WARN_BLOCK_CAPTURE_AUTORELEASING = YES;
				CLANG_WARN_BOOL_CONVERSION = YES;
				CLANG_WARN_COMMA = YES;
				CLANG_WARN_CONSTANT_CONVERSION = YES;
				CLANG_WARN_DEPRECATED_OBJC_IMPLEMENTATIONS = YES;
				CLANG_WARN_DIRECT_OBJC_ISA_USAGE = YES_ERROR;
				CLANG_WARN_DOCUMENTATION_COMMENTS = YES;
				CLANG_WARN_EMPTY_BODY = YES;
				CLANG_WARN_ENUM_CONVERSION = YES;
				CLANG_WARN_INFINITE_RECURSION = YES;
				CLANG_WARN_INT_CONVERSION = YES;
				CLANG_WARN_NON_LITERAL_NULL_CONVERSION = YES;
				CLANG_WARN_OBJC_IMPLICIT_RETAIN_SELF = YES;
				CLANG_WARN_OBJC_LITERAL_CONVERSION = YES;
				CLANG_WARN_OBJC_ROOT_CLASS = YES_ERROR;
				CLANG_WARN_QUOTED_INCLUDE_IN_FRAMEWORK_HEADER = YES;
				CLANG_WARN_RANGE_LOOP_ANALYSIS = YES;
				CLANG_WARN_STRICT_PROTOTYPES = YES;
				CLANG_WARN_SUSPICIOUS_MOVE = YES;
				CLANG_WARN_UNGUARDED_AVAILABILITY = YES_AGGRESSIVE;
				CLANG_WARN_UNREACHABLE_CODE = YES;
				CLANG_WARN__DUPLICATE_METHOD_MATCH = YES;
				COPY_PHASE_STRIP = NO;
				DEBUG_INFORMATION_FORMAT = dwarf;
				ENABLE_STRICT_OBJC_MSGSEND = YES;
				ENABLE_TESTABILITY = YES;
				GCC_C_LANGUAGE_STANDARD = gnu11;
				GCC_DYNAMIC_NO_PIC = NO;
				GCC_NO_COMMON_BLOCKS = YES;
				GCC_OPTIMIZATION_LEVEL = 0;
				GCC_PREPROCESSOR_DEFINITIONS = (
					"DEBUG=1",
					"$(inherited)",
				);
				GCC_WARN_64_TO_32_BIT_CONVERSION = YES;
				GCC_WARN_ABOUT_RETURN_TYPE = YES_ERROR;
				GCC_WARN_UNDECLARED_SELECTOR = YES;
				GCC_WARN_UNINITIALIZED_AUTOS = YES_AGGRESSIVE;
				GCC_WARN_UNUSED_FUNCTION = YES;
				GCC_WARN_UNUSED_VARIABLE = YES;
				IPHONEOS_DEPLOYMENT_TARGET = 14.0;
				MTL_ENABLE_DEBUG_INFO = INCLUDE_SOURCE;
				MTL_FAST_MATH = YES;
				ONLY_ACTIVE_ARCH = YES;
				SDKROOT = iphoneos;
				SWIFT_ACTIVE_COMPILATION_CONDITIONS = DEBUG;
				SWIFT_OPTIMIZATION_LEVEL = "-Onone";
			};
			name = Debug;
		};
		40DB443E28D8ED950002B3DD /* Release */ = {
			isa = XCBuildConfiguration;
			buildSettings = {
				ALWAYS_SEARCH_USER_PATHS = NO;
				CLANG_ANALYZER_NONNULL = YES;
				CLANG_ANALYZER_NUMBER_OBJECT_CONVERSION = YES_AGGRESSIVE;
				CLANG_CXX_LANGUAGE_STANDARD = "gnu++20";
				CLANG_ENABLE_MODULES = YES;
				CLANG_ENABLE_OBJC_ARC = YES;
				CLANG_ENABLE_OBJC_WEAK = YES;
				CLANG_WARN_BLOCK_CAPTURE_AUTORELEASING = YES;
				CLANG_WARN_BOOL_CONVERSION = YES;
				CLANG_WARN_COMMA = YES;
				CLANG_WARN_CONSTANT_CONVERSION = YES;
				CLANG_WARN_DEPRECATED_OBJC_IMPLEMENTATIONS = YES;
				CLANG_WARN_DIRECT_OBJC_ISA_USAGE = YES_ERROR;
				CLANG_WARN_DOCUMENTATION_COMMENTS = YES;
				CLANG_WARN_EMPTY_BODY = YES;
				CLANG_WARN_ENUM_CONVERSION = YES;
				CLANG_WARN_INFINITE_RECURSION = YES;
				CLANG_WARN_INT_CONVERSION = YES;
				CLANG_WARN_NON_LITERAL_NULL_CONVERSION = YES;
				CLANG_WARN_OBJC_IMPLICIT_RETAIN_SELF = YES;
				CLANG_WARN_OBJC_LITERAL_CONVERSION = YES;
				CLANG_WARN_OBJC_ROOT_CLASS = YES_ERROR;
				CLANG_WARN_QUOTED_INCLUDE_IN_FRAMEWORK_HEADER = YES;
				CLANG_WARN_RANGE_LOOP_ANALYSIS = YES;
				CLANG_WARN_STRICT_PROTOTYPES = YES;
				CLANG_WARN_SUSPICIOUS_MOVE = YES;
				CLANG_WARN_UNGUARDED_AVAILABILITY = YES_AGGRESSIVE;
				CLANG_WARN_UNREACHABLE_CODE = YES;
				CLANG_WARN__DUPLICATE_METHOD_MATCH = YES;
				COPY_PHASE_STRIP = NO;
				DEBUG_INFORMATION_FORMAT = "dwarf-with-dsym";
				ENABLE_NS_ASSERTIONS = NO;
				ENABLE_STRICT_OBJC_MSGSEND = YES;
				GCC_C_LANGUAGE_STANDARD = gnu11;
				GCC_NO_COMMON_BLOCKS = YES;
				GCC_WARN_64_TO_32_BIT_CONVERSION = YES;
				GCC_WARN_ABOUT_RETURN_TYPE = YES_ERROR;
				GCC_WARN_UNDECLARED_SELECTOR = YES;
				GCC_WARN_UNINITIALIZED_AUTOS = YES_AGGRESSIVE;
				GCC_WARN_UNUSED_FUNCTION = YES;
				GCC_WARN_UNUSED_VARIABLE = YES;
				IPHONEOS_DEPLOYMENT_TARGET = 14.0;
				MTL_ENABLE_DEBUG_INFO = NO;
				MTL_FAST_MATH = YES;
				SDKROOT = iphoneos;
				SWIFT_COMPILATION_MODE = wholemodule;
				SWIFT_OPTIMIZATION_LEVEL = "-O";
				VALIDATE_PRODUCT = YES;
			};
			name = Release;
		};
		40DB444028D8ED950002B3DD /* Debug */ = {
			isa = XCBuildConfiguration;
			buildSettings = {
				ASSETCATALOG_COMPILER_APPICON_NAME = AppIcon;
				ASSETCATALOG_COMPILER_GLOBAL_ACCENT_COLOR_NAME = AccentColor;
				CODE_SIGN_STYLE = Automatic;
				CURRENT_PROJECT_VERSION = 1;
				GENERATE_INFOPLIST_FILE = YES;
				INFOPLIST_FILE = PropertyBrowser/Info.plist;
				INFOPLIST_KEY_UIApplicationSupportsIndirectInputEvents = YES;
				INFOPLIST_KEY_UILaunchStoryboardName = LaunchScreen;
				INFOPLIST_KEY_UISupportedInterfaceOrientations_iPad = "UIInterfaceOrientationPortrait UIInterfaceOrientationPortraitUpsideDown UIInterfaceOrientationLandscapeLeft UIInterfaceOrientationLandscapeRight";
				INFOPLIST_KEY_UISupportedInterfaceOrientations_iPhone = "UIInterfaceOrientationPortrait UIInterfaceOrientationLandscapeLeft UIInterfaceOrientationLandscapeRight";
				LD_RUNPATH_SEARCH_PATHS = (
					"$(inherited)",
					"@executable_path/Frameworks",
				);
				MARKETING_VERSION = 1.0;
				PRODUCT_BUNDLE_IDENTIFIER = ch.andrii.PropertyBrowser;
				PRODUCT_NAME = "$(TARGET_NAME)";
				SUPPORTED_PLATFORMS = "iphoneos iphonesimulator";
				SUPPORTS_MACCATALYST = NO;
				SUPPORTS_MAC_DESIGNED_FOR_IPHONE_IPAD = NO;
				SWIFT_EMIT_LOC_STRINGS = YES;
				SWIFT_VERSION = 5.0;
				TARGETED_DEVICE_FAMILY = "1,2";
			};
			name = Debug;
		};
		40DB444128D8ED950002B3DD /* Release */ = {
			isa = XCBuildConfiguration;
			buildSettings = {
				ASSETCATALOG_COMPILER_APPICON_NAME = AppIcon;
				ASSETCATALOG_COMPILER_GLOBAL_ACCENT_COLOR_NAME = AccentColor;
				CODE_SIGN_STYLE = Automatic;
				CURRENT_PROJECT_VERSION = 1;
				GENERATE_INFOPLIST_FILE = YES;
				INFOPLIST_FILE = PropertyBrowser/Info.plist;
				INFOPLIST_KEY_UIApplicationSupportsIndirectInputEvents = YES;
				INFOPLIST_KEY_UILaunchStoryboardName = LaunchScreen;
				INFOPLIST_KEY_UISupportedInterfaceOrientations_iPad = "UIInterfaceOrientationPortrait UIInterfaceOrientationPortraitUpsideDown UIInterfaceOrientationLandscapeLeft UIInterfaceOrientationLandscapeRight";
				INFOPLIST_KEY_UISupportedInterfaceOrientations_iPhone = "UIInterfaceOrientationPortrait UIInterfaceOrientationLandscapeLeft UIInterfaceOrientationLandscapeRight";
				LD_RUNPATH_SEARCH_PATHS = (
					"$(inherited)",
					"@executable_path/Frameworks",
				);
				MARKETING_VERSION = 1.0;
				PRODUCT_BUNDLE_IDENTIFIER = ch.andrii.PropertyBrowser;
				PRODUCT_NAME = "$(TARGET_NAME)";
				SUPPORTED_PLATFORMS = "iphoneos iphonesimulator";
				SUPPORTS_MACCATALYST = NO;
				SUPPORTS_MAC_DESIGNED_FOR_IPHONE_IPAD = NO;
				SWIFT_EMIT_LOC_STRINGS = YES;
				SWIFT_VERSION = 5.0;
				TARGETED_DEVICE_FAMILY = "1,2";
			};
			name = Release;
		};
		40DB444328D8ED950002B3DD /* Debug */ = {
			isa = XCBuildConfiguration;
			buildSettings = {
				ALWAYS_EMBED_SWIFT_STANDARD_LIBRARIES = YES;
				BUNDLE_LOADER = "$(TEST_HOST)";
				CODE_SIGN_STYLE = Automatic;
				CURRENT_PROJECT_VERSION = 1;
				GENERATE_INFOPLIST_FILE = YES;
				IPHONEOS_DEPLOYMENT_TARGET = 16.0;
				MARKETING_VERSION = 1.0;
				PRODUCT_BUNDLE_IDENTIFIER = ch.andrii.PropertyBrowserTests;
				PRODUCT_NAME = "$(TARGET_NAME)";
				SWIFT_EMIT_LOC_STRINGS = NO;
				SWIFT_VERSION = 5.0;
				TARGETED_DEVICE_FAMILY = "1,2";
				TEST_HOST = "$(BUILT_PRODUCTS_DIR)/PropertyBrowser.app/$(BUNDLE_EXECUTABLE_FOLDER_PATH)/PropertyBrowser";
			};
			name = Debug;
		};
		40DB444428D8ED950002B3DD /* Release */ = {
			isa = XCBuildConfiguration;
			buildSettings = {
				ALWAYS_EMBED_SWIFT_STANDARD_LIBRARIES = YES;
				BUNDLE_LOADER = "$(TEST_HOST)";
				CODE_SIGN_STYLE = Automatic;
				CURRENT_PROJECT_VERSION = 1;
				GENERATE_INFOPLIST_FILE = YES;
				IPHONEOS_DEPLOYMENT_TARGET = 16.0;
				MARKETING_VERSION = 1.0;
				PRODUCT_BUNDLE_IDENTIFIER = ch.andrii.PropertyBrowserTests;
				PRODUCT_NAME = "$(TARGET_NAME)";
				SWIFT_EMIT_LOC_STRINGS = NO;
				SWIFT_VERSION = 5.0;
				TARGETED_DEVICE_FAMILY = "1,2";
				TEST_HOST = "$(BUILT_PRODUCTS_DIR)/PropertyBrowser.app/$(BUNDLE_EXECUTABLE_FOLDER_PATH)/PropertyBrowser";
			};
			name = Release;
		};
		40DB444628D8ED950002B3DD /* Debug */ = {
			isa = XCBuildConfiguration;
			buildSettings = {
				ALWAYS_EMBED_SWIFT_STANDARD_LIBRARIES = YES;
				CODE_SIGN_STYLE = Automatic;
				CURRENT_PROJECT_VERSION = 1;
				GENERATE_INFOPLIST_FILE = YES;
				MARKETING_VERSION = 1.0;
				PRODUCT_BUNDLE_IDENTIFIER = ch.andrii.PropertyBrowserUITests;
				PRODUCT_NAME = "$(TARGET_NAME)";
				SWIFT_EMIT_LOC_STRINGS = NO;
				SWIFT_VERSION = 5.0;
				TARGETED_DEVICE_FAMILY = "1,2";
				TEST_TARGET_NAME = PropertyBrowser;
			};
			name = Debug;
		};
		40DB444728D8ED950002B3DD /* Release */ = {
			isa = XCBuildConfiguration;
			buildSettings = {
				ALWAYS_EMBED_SWIFT_STANDARD_LIBRARIES = YES;
				CODE_SIGN_STYLE = Automatic;
				CURRENT_PROJECT_VERSION = 1;
				GENERATE_INFOPLIST_FILE = YES;
				MARKETING_VERSION = 1.0;
				PRODUCT_BUNDLE_IDENTIFIER = ch.andrii.PropertyBrowserUITests;
				PRODUCT_NAME = "$(TARGET_NAME)";
				SWIFT_EMIT_LOC_STRINGS = NO;
				SWIFT_VERSION = 5.0;
				TARGETED_DEVICE_FAMILY = "1,2";
				TEST_TARGET_NAME = PropertyBrowser;
			};
			name = Release;
		};
/* End XCBuildConfiguration section */

/* Begin XCConfigurationList section */
		40DB441028D8ED950002B3DD /* Build configuration list for PBXProject "PropertyBrowser" */ = {
			isa = XCConfigurationList;
			buildConfigurations = (
				40DB443D28D8ED950002B3DD /* Debug */,
				40DB443E28D8ED950002B3DD /* Release */,
			);
			defaultConfigurationIsVisible = 0;
			defaultConfigurationName = Release;
		};
		40DB443F28D8ED950002B3DD /* Build configuration list for PBXNativeTarget "PropertyBrowser" */ = {
			isa = XCConfigurationList;
			buildConfigurations = (
				40DB444028D8ED950002B3DD /* Debug */,
				40DB444128D8ED950002B3DD /* Release */,
			);
			defaultConfigurationIsVisible = 0;
			defaultConfigurationName = Release;
		};
		40DB444228D8ED950002B3DD /* Build configuration list for PBXNativeTarget "PropertyBrowserTests" */ = {
			isa = XCConfigurationList;
			buildConfigurations = (
				40DB444328D8ED950002B3DD /* Debug */,
				40DB444428D8ED950002B3DD /* Release */,
			);
			defaultConfigurationIsVisible = 0;
			defaultConfigurationName = Release;
		};
		40DB444528D8ED950002B3DD /* Build configuration list for PBXNativeTarget "PropertyBrowserUITests" */ = {
			isa = XCConfigurationList;
			buildConfigurations = (
				40DB444628D8ED950002B3DD /* Debug */,
				40DB444728D8ED950002B3DD /* Release */,
			);
			defaultConfigurationIsVisible = 0;
			defaultConfigurationName = Release;
		};
/* End XCConfigurationList section */
	};
	rootObject = 40DB440D28D8ED950002B3DD /* Project object */;
}
